
Microsoft Visual Studio Solution File, Format Version 12.00
# Visual Studio 2015
Project("{FAE04EC0-301F-11D3-BF4B-00C04F79EFBC}") = "2DDungeonCrawler.CSharp", "2DDungeonCrawler.CSharp.csproj", "{0D0746D3-A611-3027-7C43-146086787446}"
EndProject
Global
	GlobalSection(SolutionConfigurationPlatforms) = preSolution
		Debug|Any CPU = Debug|Any CPU
		Release|Any CPU = Release|Any CPU
	EndGlobalSection
	GlobalSection(ProjectConfigurationPlatforms) = postSolution
		{0D0746D3-A611-3027-7C43-146086787446}.Debug|Any CPU.ActiveCfg = Debug|Any CPU
		{0D0746D3-A611-3027-7C43-146086787446}.Debug|Any CPU.Build.0 = Debug|Any CPU
		{0D0746D3-A611-3027-7C43-146086787446}.Release|Any CPU.ActiveCfg = Release|Any CPU
		{0D0746D3-A611-3027-7C43-146086787446}.Release|Any CPU.Build.0 = Release|Any CPU
	EndGlobalSection
	GlobalSection(SolutionProperties) = preSolution
		HideSolutionNode = FALSE
	EndGlobalSection
EndGlobal
